github.com/Unknwon/com v0.0.0-20181010210213-41959bdd855f h1:m1tYqjD/N0vF/S8s/ZKz/eccUr8RAAcrOK2MhXeTegA=
github.com/Unknwon/com v0.0.0-20181010210213-41959bdd855f/go.mod h1:KYCjqMOeHpNuTOiFQU6WEcTG7poCJrUs0YgyHNtn1no=
github.com/Unknwon/i18n v0.0.0-20171114194641-b64d33658966 h1:Mp8GNJ/tdTZIEdLdZfykEJaL3mTyEYrSzYNcdoQKpJk=
github.com/Unknwon/i18n v0.0.0-20171114194641-b64d33658966/go.mod h1:SFtfq0zFPsENI7DpE87QM2hcYu5QQ0fRdCgP+P1Hrqo=
github.com/alecthomas/gometalinter v2.0.11+incompatible/go.mod h1:qfIpQGGz3d+NmgyPBqv+LSh50emm1pt72EtcX2vKYQk=
github.com/beevik/etree v1.0.1 h1:lWzdj5v/Pj1X360EV7bUudox5SRipy4qZLjY0rhb0ck=
github.com/beevik/etree v1.0.1/go.mod h1:r8Aw8JqVegEf0w2fDnATrX9VpkMcyFeM0FhwO62wh+A=
github.com/bradfitz/gomemcache v0.0.0-20180710155616-bc664df96737 h1:rRISKWyXfVxvoa702s91Zl5oREZTrR3yv+tXrrX7G/g=
github.com/bradfitz/gomemcache v0.0.0-20180710155616-bc664df96737/go.mod h1:PmM6Mmwb0LSuEubjR8N7PtNe1KxZLtOUHtbeikc5h60=
github.com/captncraig/cors v0.0.0-20180620154129-376d45073b49 h1:jWNY1NDg6a/c8RSXkai7IX6UOhir0LD39I4Dukg+4Ks=
github.com/captncraig/cors v0.0.0-20180620154129-376d45073b49/go.mod h1:EIlIeMufZ8nqdUhnesledB15xLRl4wIJUppwDLPrdrQ=
github.com/chzyer/logex v1.1.10/go.mod h1:+Ywpsq7O8HXn0nuIou7OrIPyXbp3wmkHB+jjWRnGsAI=
github.com/chzyer/readline v0.0.0-20180603132655-2972be24d48e h1:fY5BOSpyZCqRo5OhCuC+XN+r/bBCmeuuJtjz+bCNIf8=
github.com/chzyer/readline v0.0.0-20180603132655-2972be24d48e/go.mod h1:nSuG5e5PlCu98SY8svDHJxuZscDgtXS6KTTbou5AhLI=
github.com/chzyer/test v0.0.0-20180213035817-a1ea475d72b1/go.mod h1:Q3SI9o4m/ZMnBNeIyt5eFwwo7qiLfzFZmjNmxjkiQlU=
github.com/client9/misspell v0.3.4/go.mod h1:qj6jICC3Q7zFZvVWo7KLAzC3yx5G7kyvSDkc90ppPyw=
github.com/davecgh/go-spew v1.1.1/go.mod h1:J7Y8YcW2NihsgmVo/mv3lAwl/skON4iLHjSsI+c5H38=
github.com/dustin/go-humanize v1.0.0 h1:VSnTsYCnlFHaM2/igO1h6X3HA71jcobQuxemgkq4zYo=
github.com/dustin/go-humanize v1.0.0/go.mod h1:HtrtbFcZ19U5GC7JDqmcUSB87Iq5E25KnS6fMYU6eOk=
github.com/fatih/color v1.7.0 h1:DkWD4oS2D8LGGgTQ6IvwJJXSL5Vp2ffcQg58nFV38Ys=
github.com/fatih/color v1.7.0/go.mod h1:Zm6kSWBoL9eyXnKyktHP6abPY2pDugNf5KwzbycvMj4=
github.com/fatih/structs v1.1.0 h1:Q7juDM0QtcnhCpeyLGQKyg4TOIghuNXrkL32pHAUMxo=
github.com/fatih/structs v1.1.0/go.mod h1:9NiDSp5zOcgEDl+j00MP/WkGVPOlPRLejGD8Ga6PJ7M=
github.com/go-fed/httpsig v0.1.0/go.mod h1:T56HUNYZUQ1AGUzhAYPugZfp36sKApVnGBgKlIY+aIE=
github.com/go-macaron/cache v0.0.0-20151013081102-561735312776 h1:UYIHS1r0WotqB5cIa0PAiV0m6GzD9rDBcn4alp5JgCw=
github.com/go-macaron/cache v0.0.0-20151013081102-561735312776/go.mod h1:hHAsZm/oBZVcY+S7qdQL6Vbg5VrXF6RuKGuqsszt3Ok=
github.com/go-macaron/inject v0.0.0-20160627170012-d8a0b8677191 h1:NjHlg70DuOkcAMqgt0+XA+NHwtu66MkTVVgR4fFWbcI=
github.com/go-macaron/inject v0.0.0-20160627170012-d8a0b8677191/go.mod h1:VFI2o2q9kYsC4o7VP1HrEVosiZZTd+MVT3YZx4gqvJw=
github.com/go-macaron/session v0.0.0-20181205003248-092353907b3c h1:odBQMZNJEQEmfPAEJk6BnPfcdsALegn6CMJoabuyl4k=
github.com/go-macaron/session v0.0.0-20181205003248-092353907b3c/go.mod h1:ScEJm9Gk+ez5JJTml5WlBIqavAfuE5nF8e4Gvyz/X+A=
github.com/go-sql-driver/mysql v1.4.1 h1:g24URVg0OFbNUTx9qqY1IRZ9D9z3iPyi5zKhQZpNwpA=
github.com/go-sql-driver/mysql v1.4.1/go.mod h1:zAC/RDZ24gD3HViQzih4MyKcchzm+sOG5ZlKdlhCg5w=
github.com/gogits/gogs v0.11.79 h1:dKGlDSSSYtW0R3Y3X/ItenIBrDh48kNB//JPv7+C3mY=
github.com/gogits/gogs v0.11.79/go.mod h1:H8FMbPPb+o/TgI6YnmQmT8nmEIHypXDau+f2CChYoCk=
github.com/gogs/chardet v0.0.0-20150115103509-2404f7772561 h1:aBzukfDxQlCTVS0NBUjI5YA3iVeaZ9Tb5PxNrrIP1xs=
github.com/gogs/chardet v0.0.0-20150115103509-2404f7772561/go.mod h1:Pcatq5tYkCW2Q6yrR2VRHlbHpZ/R4/7qyL1TCF7vl14=
github.com/gogs/go-libravatar v0.0.0-20161120025154-cd1abbd55d09 h1:UdOSIHZpkYcajRbfebBYzFDsL3SuqObH3bvKYBqgKmI=
github.com/gogs/go-libravatar v0.0.0-20161120025154-cd1abbd55d09/go.mod h1:Zas3BtO88pk1cwUfEYlvnl/CRwh0ybDxRWSwRjG8I3w=
github.com/gogs/gogs v0.11.79 h1:4k2DwBH3McBi6SVLx5wbWuhpypCpVxtyyhKMCD4GRHo=
github.com/gogs/gogs v0.11.79/go.mod h1:qlbvdn16XTC6q7eR+thjW+OLdN+mi2PBZ8KqVT39T88=
github.com/golang/lint v0.0.0-20181026193005-c67002cb31c3/go.mod h1:tluoj9z5200jBnyusfRPU2LqT6J+DAorxEvtC7LHB+E=
github.com/google/shlex v0.0.0-20181106134648-c34317bd91bf/go.mod h1:RpwtwJQFrIEPstU94h88MWPXP2ektJZ8cZ0YntAmXiE=
github.com/gordonklaus/ineffassign v0.0.0-20180909121442-1003c8bd00dc/go.mod h1:cuNKsD1zp2v6XfE/orVX2QE1LC+i254ceGcVeDT3pTU=
github.com/gorilla/context v1.1.1 h1:AWwleXJkX/nhcU9bZSnZoi3h/qGYqQAGhq6zZe/aQW8=
github.com/gorilla/context v1.1.1/go.mod h1:kBGZzfjB9CEq2AlWe17Uuf7NDRt0dE0s8S51q0aT7Yg=
github.com/gorilla/feeds v1.1.0 h1:pcgLJhbdYgaUESnj3AmXPcB7cS3vy63+jC/TI14AGXk=
github.com/gorilla/feeds v1.1.0/go.mod h1:Nk0jZrvPFZX1OBe5NPiddPw7CfwF6Q9eqzaBbaightA=
github.com/gorilla/mux v1.6.2 h1:Pgr17XVTNXAk3q/r4CpKzC5xBM/qW1uVLV+IhRZpIIk=
github.com/gorilla/mux v1.6.2/go.mod h1:1lud6UwP+6orDFRuTfBEV8e9/aOM/c4fVVCaMa2zaAs=
github.com/gorilla/schema v1.0.2 h1:sAgNfOcNYvdDSrzGHVy9nzCQahG+qmsg+nE8dK85QRA=
github.com/gorilla/schema v1.0.2/go.mod h1:kgLaKoK1FELgZqMAVxx/5cbj0kT+57qxUrAlIO2eleU=
github.com/gorilla/securecookie v1.1.1 h1:miw7JPhV+b/lAHSXz4qd/nN9jRiAFV5FwjeKyCS8BvQ=
github.com/gorilla/securecookie v1.1.1/go.mod h1:ra0sb63/xPlUeL+yeDciTfxMRAA+MP+HVt/4epWDjd4=
github.com/gorilla/sessions v1.1.3 h1:uXoZdcdA5XdXF3QzuSlheVRUvjl+1rKY7zBXL68L9RU=
github.com/gorilla/sessions v1.1.3/go.mod h1:8KCfur6+4Mqcc6S0FEfKuN15Vl5MgXW92AE8ovaJD0w=
github.com/guregu/null v3.4.0+incompatible h1:a4mw37gBO7ypcBlTJeZGuMpSxxFTV9qFfFKgWxQSGaM=
github.com/guregu/null v3.4.0+incompatible/go.mod h1:ePGpQaN9cw0tj45IR5E5ehMvsFlLlQZAkkOXZurJ3NM=
github.com/ikeikeikeike/go-sitemap-generator v1.0.1+incompatible h1:ynUVjbjrHZjyEGo+/sYFgV1W/zYZDV8bE3zDFB45YcE=
github.com/ikeikeikeike/go-sitemap-generator v1.0.1+incompatible/go.mod h1:QI+zWsz6yQyxkG9LWNcnu0f7aiAE5tPdsZOsICgmd1c=
github.com/ikeikeikeike/go-sitemap-generator v2.0.1+incompatible h1:Ry3DcY2hILVzZiaE3IOYyU5/oSTfgsFmOHuPg+WfYX4=
github.com/ikeikeikeike/go-sitemap-generator v2.0.1+incompatible/go.mod h1:QI+zWsz6yQyxkG9LWNcnu0f7aiAE5tPdsZOsICgmd1c=
github.com/imdario/mergo v0.3.6 h1:xTNEAn+kxVO7dTZGu0CegyqKZmoWFI0rF8UxjlB2d28=
github.com/imdario/mergo v0.3.6/go.mod h1:2EnlNZ0deacrJVfApfmtdGgDfMuh/nq6Ok1EcJh5FfA=
github.com/jteeuwen/go-bindata v3.0.7+incompatible h1:91Uy4d9SYVr1kyTJ15wJsog+esAZZl7JmEfTkwmhJts=
github.com/jteeuwen/go-bindata v3.0.7+incompatible/go.mod h1:JVvhzYOiGBnFSYRyV00iY8q7/0PThjIYav1p9h5dmKs=
github.com/juju/ansiterm v0.0.0-20180109212912-720a0952cc2a h1:FaWFmfWdAUKbSCtOU2QjDaorUexogfaMgbipgYATUMU=
github.com/juju/ansiterm v0.0.0-20180109212912-720a0952cc2a/go.mod h1:UJSiEoRfvx3hP73CvoARgeLjaIOjybY9vj8PUPPFGeU=
github.com/karalabe/xgo v0.0.0-20181007145344-72da7d1d3970 h1:0+1ZURVRim6FxA/jhWhJklsgoWc69q1sxlIu2Ztnhy0=
github.com/karalabe/xgo v0.0.0-20181007145344-72da7d1d3970/go.mod h1:iYGcTYIPUvEWhFo6aKUuLchs+AV4ssYdyuBbQJZGcBk=
github.com/kr/pretty v0.1.0/go.mod h1:dAy3ld7l9f0ibDNOQOHHMYYIIbhfbHSm3C4ZsoJORNo=
github.com/kr/pty v1.1.1/go.mod h1:pFQYn66WHrOpPYNljwOMqo10TkYh1fy3cYio2l3bCsQ=
github.com/kr/text v0.1.0/go.mod h1:4Jbv+DJW3UT/LiOwJeYQe1efqtUx/iVham/4vfdArNI=
github.com/kylemcc/twitter-text-go v0.0.0-20180726194232-7f582f6736ec h1:ZXWuspqypleMuJy4bzYEqlMhJnGAYpLrWe5p7W3CdvI=
github.com/kylemcc/twitter-text-go v0.0.0-20180726194232-7f582f6736ec/go.mod h1:voECJzdraJmolzPBgL9Z7ANwXf4oMXaTCsIkdiPpR/g=
github.com/lunixbochs/vtclean v0.0.0-20180621232353-2d01aacdc34a h1:weJVJJRzAJBFRlAiJQROKQs8oC9vOxvm4rZmBBk0ONw=
github.com/lunixbochs/vtclean v0.0.0-20180621232353-2d01aacdc34a/go.mod h1:pHhQNgMf3btfWnGBVipUOjRYhoOsdGqdm/+2c2E2WMI=
github.com/manifoldco/promptui v0.3.2 h1:rir7oByTERac6jhpHUPErHuopoRDvO3jxS+FdadEns8=
github.com/manifoldco/promptui v0.3.2/go.mod h1:8JU+igZ+eeiiRku4T5BjtKh2ms8sziGpSYl1gN8Bazw=
github.com/mattn/go-colorable v0.0.9 h1:UVL0vNpWh04HeJXV0KLcaT7r06gOH2l4OW6ddYRUIY4=
github.com/mattn/go-colorable v0.0.9/go.mod h1:9vuHe8Xs5qXnSaW/c/ABM9alt+Vo+STaOChaDxuIBZU=
github.com/mattn/go-isatty v0.0.4 h1:bnP0vzxcAdeI1zdubAl5PjU6zsERjGZb7raWodagDYs=
github.com/mattn/go-isatty v0.0.4/go.mod h1:M+lRXTBqGeGNdLjl/ufCoiOlB5xdOkqRJdNxMWT7Zi4=
github.com/mattn/go-sqlite3 v1.10.0 h1:jbhqpg7tQe4SupckyijYiy0mJJ/pRyHvXf7JdWK860o=
github.com/mattn/go-sqlite3 v1.10.0/go.mod h1:FPy6KqzDD04eiIsT53CuJW3U88zkxoIYsOqkbpncsNc=
github.com/mcuadros/go-version v0.0.0-20180611085657-6d5863ca60fa h1:XvNrttGMJfVrUqblGju4IkjYXwx6l5OAAyjaIsydzsk=
github.com/mcuadros/go-version v0.0.0-20180611085657-6d5863ca60fa/go.mod h1:76rfSfYPWj01Z85hUf/ituArm797mNKcvINh1OlsZKo=
github.com/microcosm-cc/bluemonday v1.0.2 h1:5lPfLTTAvAbtS0VqT+94yOtFnGfUWYyx0+iToC3Os3s=
github.com/microcosm-cc/bluemonday v1.0.2/go.mod h1:iVP4YcDBq+n/5fb23BhYFvIMq/leAFZyRl6bYmGDlGc=
github.com/mitchellh/go-wordwrap v1.0.0 h1:6GlHJ/LTGMrIJbwgdqdl2eEH8o+Exx/0m8ir9Gns0u4=
github.com/mitchellh/go-wordwrap v1.0.0/go.mod h1:ZXFpozHsX6DPmq2I0TCekCxypsnAUbP2oI0UX1GXzOo=
github.com/nu7hatch/gouuid v0.0.0-20131221200532-179d4d0c4d8d h1:VhgPp6v9qf9Agr/56bj7Y/xa04UccTW04VP0Qed4vnQ=
github.com/nu7hatch/gouuid v0.0.0-20131221200532-179d4d0c4d8d/go.mod h1:YUTz3bUH2ZwIWBy3CJBeOBEugqcmXREj14T+iG/4k4U=
github.com/pmezard/go-difflib v1.0.0/go.mod h1:iKH77koFhYxTK1pcRnkKkqfTogsbg7gZNVY4sRDYZ/4=
github.com/rainycape/unidecode v0.0.0-20150907023854-cb7f23ec59be h1:ta7tUOvsPHVHGom5hKW5VXNc2xZIkfCKP8iaqOyYtUQ=
github.com/rainycape/unidecode v0.0.0-20150907023854-cb7f23ec59be/go.mod h1:MIDFMn7db1kT65GmV94GzpX9Qdi7N/pQlwb+AN8wh+Q=
github.com/shurcooL/sanitized_anchor_name v1.0.0 h1:PdmoCO6wvbs+7yrJyMORt4/BmY5IYyJwS/kOiWx8mHo=
github.com/shurcooL/sanitized_anchor_name v1.0.0/go.mod h1:1NzhyTcUVG4SuEtjjoZeVRXNmyL/1OwPU0+IJeTBvfc=
github.com/stretchr/testify v1.2.2/go.mod h1:a8OnRcib4nhh0OaRAV+Yts87kKdq0PP7pXfy6kDkUVs=
github.com/tsenart/deadcode v0.0.0-20160724212837-210d2dc333e9/go.mod h1:q+QjxYvZ+fpjMXqs+XEriussHjSYqeXVnAdSV1tkMYk=
github.com/writeas/activity v0.1.2-0.20181116004047-126007f8df70 h1:LwnqxWkTHUNihny3SxbxHEQjJouEzv4xmci5vdpeXDg=
github.com/writeas/activity v0.1.2-0.20181116004047-126007f8df70/go.mod h1:mYYgiewmEM+8tlifirK/vl6tmB2EbjYaxwb+ndUw5T0=
github.com/writeas/go-strip-markdown v0.0.0-20180226051418-6e12ec30f699 h1:F4l49enU6YUW0CuYyYCMiCDziy69/+TA0RMGpZ3cfzk=
github.com/writeas/go-strip-markdown v0.0.0-20180226051418-6e12ec30f699/go.mod h1:Rsyu10ZhbEK9pXdk8V6MVnZmTzRG0alMNLMwa0J01fE=
github.com/writeas/go-webfinger v0.0.0-20190106002315-85cf805c86d2 h1:DUsp4OhdfI+e6iUqcPQlwx8QYXuUDsToTz/x82D3Zuo=
github.com/writeas/go-webfinger v0.0.0-20190106002315-85cf805c86d2/go.mod h1:w2VxyRO/J5vfNjJHYVubsjUGHd3RLDoVciz0DE3ApOc=
github.com/writeas/httpsig v0.0.0-20180701155151-b11faad21af2 h1:AfG7vLQ7luEJxwyf+xSnCGiFqffXVXGaq+vHSqNK+XE=
github.com/writeas/httpsig v0.0.0-20180701155151-b11faad21af2/go.mod h1:7ClMGSrSVXJbmiLa17bZ1LrG1oibGZmUMlh3402flPY=
github.com/writeas/impart v1.1.0 h1:nPnoO211VscNkp/gnzir5UwCDEvdHThL5uELU60NFSE=
github.com/writeas/impart v1.1.0/go.mod h1:g0MpxdnTOHHrl+Ca/2oMXUHJ0PcRAEWtkCzYCJUXC9Y=
github.com/writeas/monday v0.0.0-20181024183321-54a7dd579219 h1:baEp0631C8sT2r/hqwypIw2snCFZa6h7U6TojoLHu/c=
github.com/writeas/monday v0.0.0-20181024183321-54a7dd579219/go.mod h1:NyM35ayknT7lzO6O/1JpfgGyv+0W9Z9q7aE0J8bXxfQ=
github.com/writeas/nerds v0.0.0-20170323014327-3d35bb996a1f h1:A0pXJHDPgYhq/dcERPTC6BD3LGogm9loQh+Jti7EVWU=
github.com/writeas/nerds v0.0.0-20170323014327-3d35bb996a1f/go.mod h1:Gn2bHy1EwRcpXeB7ZhVmuUwiweK0e+JllNf66gvNLdU=
github.com/writeas/openssl-go v0.0.0-20180626225423-b9436c10029a h1:366BKJWR9UNjGGwjHeGCeHYT1uHd7qgnJnF/nldl5u8=
github.com/writeas/openssl-go v0.0.0-20180626225423-b9436c10029a/go.mod h1:WsKeK5jYl0B5y8ggOmtVjbmb+3rEGqSD25TppjJnETA=
github.com/writeas/saturday v0.0.0-20170402010311-f455b05c043f h1:yyFguE0EopK8e7I7/AB1JWM925OFOI1uFhTM/SwXAnQ=
github.com/writeas/saturday v0.0.0-20170402010311-f455b05c043f/go.mod h1:ETE1EK6ogxptJpAgUbcJD0prAtX48bSloie80+tvnzQ=
github.com/writeas/slug v1.2.0 h1:EMQ+cwLiOcA6EtFwUgyw3Ge18x9uflUnOnR6bp/J+/g=
github.com/writeas/slug v1.2.0/go.mod h1:RE8shOqQP3YhsfsQe0L3RnuejfQ4Mk+JjY5YJQFubfQ=
github.com/writeas/web-core v0.0.0-20181224184821-4cb17a6518fd h1:UacanxH5a0JX9F1+KWBGA4Do5MpYdLC8EnNfV+RBQ4M=
github.com/writeas/web-core v0.0.0-20181224184821-4cb17a6518fd/go.mod h1:Si3chV7VWgY8CsV+3gRolMXSO2Vx1ZFAQ/mkrpvmyEE=
github.com/writefreely/go-nodeinfo v0.0.0-20181217062058-1ce249450d5e h1:4dtXqCR34VDGKwAPibGH/dF3QszD4uV3Fdmb8SVn0xQ=
github.com/writefreely/go-nodeinfo v0.0.0-20181217062058-1ce249450d5e/go.mod h1:UTvE78KpcjYOlRHupZIiSEFcXHioTXuacCbHU+CAcPg=
golang.org/x/crypto v0.0.0-20180527072434-ab813273cd59 h1:hk3yo72LXLapY9EXVttc3Z1rLOxT9IuAPPX3GpY2+jo=
golang.org/x/crypto v0.0.0-20180527072434-ab813273cd59/go.mod h1:6SG95UA2DQfeDnfUPMdvaQW0Q7yPrPDi9nlGo2tz2b4=
golang.org/x/lint v0.0.0-20181026193005-c67002cb31c3/go.mod h1:UVdnD1Gm6xHRNCYTkRU2/jEulfH38KcIWyp/GAMgvoE=
golang.org/x/net v0.0.0-20181220203305-927f97764cc3 h1:eH6Eip3UpmR+yM/qI9Ijluzb1bNv/cAU/n+6l8tRSis=
golang.org/x/net v0.0.0-20181220203305-927f97764cc3/go.mod h1:mL1N/T3taQHkDXs73rZJwtUhF3w3ftmwwsq0BUmARs4=
golang.org/x/sys v0.0.0-20180525142821-c11f84a56e43/go.mod h1:STP8DvDyc/dI5b8T5hshtkjS+E42TnysNCUPdjciGhY=
golang.org/x/sys v0.0.0-20181122145206-62eef0e2fa9b/go.mod h1:STP8DvDyc/dI5b8T5hshtkjS+E42TnysNCUPdjciGhY=
golang.org/x/tools v0.0.0-20181122213734-04b5d21e00f1/go.mod h1:n7NCudcB/nEzxVGmLbDWY5pfWTLqBcC2KZ6jyYvM4mQ=
gopkg.in/bufio.v1 v1.0.0-20140618132640-567b2bfa514e h1:wGA78yza6bu/mWcc4QfBuIEHEtc06xdiU0X8sY36yUU=
gopkg.in/bufio.v1 v1.0.0-20140618132640-567b2bfa514e/go.mod h1:xsQCaysVCudhrYTfzYWe577fCe7Ceci+6qjO2Rdc0Z4=
gopkg.in/check.v1 v1.0.0-20180628173108-788fd7840127/go.mod h1:Co6ibVJAznAaIkqp8huTwlJQCZ016jof/cbN4VW5Yz0=
gopkg.in/clog.v1 v1.2.0 h1:BHfwHRNQy497iBNsRBassPixSAxRbn2z5KVkdBFbwxc=
gopkg.in/clog.v1 v1.2.0/go.mod h1:L6fgdpdhFgKX4eGuDvt+N6X2GwZE160NRrIHzvaF8ZM=
gopkg.in/ini.v1 v1.41.0 h1:Ka3ViY6gNYSKiVy71zXBEqKplnV35ImDLVG+8uoIklE=
gopkg.in/ini.v1 v1.41.0/go.mod h1:pNLf8WUiyNEtQjuu5G5vTm06TEv9tsIgeAvK8hOrP4k=
gopkg.in/macaron.v1 v1.3.2 h1:X5kDBJgFgvtsgniBgnVYPkRxvm3qptfbRbCILBzQ7AY=
gopkg.in/macaron.v1 v1.3.2/go.mod h1:PrsiawTWAGZs6wFbT5hlr7SQ2Ns9h7cUVtcUu4lQOVo=
gopkg.in/redis.v2 v2.3.2 h1:GPVIIB/JnL1wvfULefy3qXmPu1nfNu2d0yA09FHgwfs=
gopkg.in/redis.v2 v2.3.2/go.mod h1:4wl9PJ/CqzeHk3LVq1hNLHH8krm3+AXEgut4jVc++LU=
