github.com/beevik/etree v1.0.1 h1:lWzdj5v/Pj1X360EV7bUudox5SRipy4qZLjY0rhb0ck=
github.com/beevik/etree v1.0.1/go.mod h1:r8Aw8JqVegEf0w2fDnATrX9VpkMcyFeM0FhwO62wh+A=
github.com/captncraig/cors v0.0.0-20180620154129-376d45073b49 h1:jWNY1NDg6a/c8RSXkai7IX6UOhir0LD39I4Dukg+4Ks=
github.com/captncraig/cors v0.0.0-20180620154129-376d45073b49/go.mod h1:EIlIeMufZ8nqdUhnesledB15xLRl4wIJUppwDLPrdrQ=
github.com/chzyer/readline v0.0.0-20180603132655-2972be24d48e h1:fY5BOSpyZCqRo5OhCuC+XN+r/bBCmeuuJtjz+bCNIf8=
github.com/chzyer/readline v0.0.0-20180603132655-2972be24d48e/go.mod h1:nSuG5e5PlCu98SY8svDHJxuZscDgtXS6KTTbou5AhLI=
github.com/dustin/go-humanize v1.0.0 h1:VSnTsYCnlFHaM2/igO1h6X3HA71jcobQuxemgkq4zYo=
github.com/dustin/go-humanize v1.0.0/go.mod h1:HtrtbFcZ19U5GC7JDqmcUSB87Iq5E25KnS6fMYU6eOk=
github.com/fatih/color v1.7.0 h1:DkWD4oS2D8LGGgTQ6IvwJJXSL5Vp2ffcQg58nFV38Ys=
github.com/fatih/color v1.7.0/go.mod h1:Zm6kSWBoL9eyXnKyktHP6abPY2pDugNf5KwzbycvMj4=
github.com/fatih/structs v1.1.0 h1:Q7juDM0QtcnhCpeyLGQKyg4TOIghuNXrkL32pHAUMxo=
github.com/fatih/structs v1.1.0/go.mod h1:9NiDSp5zOcgEDl+j00MP/WkGVPOlPRLejGD8Ga6PJ7M=
github.com/go-fed/httpsig v0.1.0/go.mod h1:T56HUNYZUQ1AGUzhAYPugZfp36sKApVnGBgKlIY+aIE=
github.com/go-sql-driver/mysql v1.4.1 h1:g24URVg0OFbNUTx9qqY1IRZ9D9z3iPyi5zKhQZpNwpA=
github.com/go-sql-driver/mysql v1.4.1/go.mod h1:zAC/RDZ24gD3HViQzih4MyKcchzm+sOG5ZlKdlhCg5w=
github.com/gorilla/context v1.1.1 h1:AWwleXJkX/nhcU9bZSnZoi3h/qGYqQAGhq6zZe/aQW8=
github.com/gorilla/context v1.1.1/go.mod h1:kBGZzfjB9CEq2AlWe17Uuf7NDRt0dE0s8S51q0aT7Yg=
github.com/gorilla/feeds v1.1.0 h1:pcgLJhbdYgaUESnj3AmXPcB7cS3vy63+jC/TI14AGXk=
github.com/gorilla/feeds v1.1.0/go.mod h1:Nk0jZrvPFZX1OBe5NPiddPw7CfwF6Q9eqzaBbaightA=
github.com/gorilla/mux v1.6.2 h1:Pgr17XVTNXAk3q/r4CpKzC5xBM/qW1uVLV+IhRZpIIk=
github.com/gorilla/mux v1.6.2/go.mod h1:1lud6UwP+6orDFRuTfBEV8e9/aOM/c4fVVCaMa2zaAs=
github.com/gorilla/schema v1.0.2 h1:sAgNfOcNYvdDSrzGHVy9nzCQahG+qmsg+nE8dK85QRA=
github.com/gorilla/schema v1.0.2/go.mod h1:kgLaKoK1FELgZqMAVxx/5cbj0kT+57qxUrAlIO2eleU=
github.com/gorilla/securecookie v1.1.1 h1:miw7JPhV+b/lAHSXz4qd/nN9jRiAFV5FwjeKyCS8BvQ=
github.com/gorilla/securecookie v1.1.1/go.mod h1:ra0sb63/xPlUeL+yeDciTfxMRAA+MP+HVt/4epWDjd4=
github.com/gorilla/sessions v1.1.3 h1:uXoZdcdA5XdXF3QzuSlheVRUvjl+1rKY7zBXL68L9RU=
github.com/gorilla/sessions v1.1.3/go.mod h1:8KCfur6+4Mqcc6S0FEfKuN15Vl5MgXW92AE8ovaJD0w=
github.com/guregu/null v3.4.0+incompatible h1:a4mw37gBO7ypcBlTJeZGuMpSxxFTV9qFfFKgWxQSGaM=
github.com/guregu/null v3.4.0+incompatible/go.mod h1:ePGpQaN9cw0tj45IR5E5ehMvsFlLlQZAkkOXZurJ3NM=
github.com/ikeikeikeike/go-sitemap-generator v2.0.0+incompatible h1:4YMxel4bO1ZYLcqxS0GjxKGN0bB6+e9ZePhIw7aUo0U=
github.com/ikeikeikeike/go-sitemap-generator v2.0.0+incompatible/go.mod h1:QI+zWsz6yQyxkG9LWNcnu0f7aiAE5tPdsZOsICgmd1c=
github.com/juju/ansiterm v0.0.0-20180109212912-720a0952cc2a h1:FaWFmfWdAUKbSCtOU2QjDaorUexogfaMgbipgYATUMU=
github.com/juju/ansiterm v0.0.0-20180109212912-720a0952cc2a/go.mod h1:UJSiEoRfvx3hP73CvoARgeLjaIOjybY9vj8PUPPFGeU=
github.com/kylemcc/twitter-text-go v0.0.0-20180726194232-7f582f6736ec h1:ZXWuspqypleMuJy4bzYEqlMhJnGAYpLrWe5p7W3CdvI=
github.com/kylemcc/twitter-text-go v0.0.0-20180726194232-7f582f6736ec/go.mod h1:voECJzdraJmolzPBgL9Z7ANwXf4oMXaTCsIkdiPpR/g=
github.com/lunixbochs/vtclean v0.0.0-20180621232353-2d01aacdc34a h1:weJVJJRzAJBFRlAiJQROKQs8oC9vOxvm4rZmBBk0ONw=
github.com/lunixbochs/vtclean v0.0.0-20180621232353-2d01aacdc34a/go.mod h1:pHhQNgMf3btfWnGBVipUOjRYhoOsdGqdm/+2c2E2WMI=
github.com/manifoldco/promptui v0.3.1 h1:BxqNa7q1hVHXIXy3iupJMkXYS3aHhbubJWv2Jmg6x64=
github.com/manifoldco/promptui v0.3.1/go.mod h1:zoCNXiJnyM03LlBgTsWv8mq28s7aTC71UgKasqRJHww=
github.com/mattn/go-colorable v0.0.9 h1:UVL0vNpWh04HeJXV0KLcaT7r06gOH2l4OW6ddYRUIY4=
github.com/mattn/go-colorable v0.0.9/go.mod h1:9vuHe8Xs5qXnSaW/c/ABM9alt+Vo+STaOChaDxuIBZU=
github.com/mattn/go-isatty v0.0.4 h1:bnP0vzxcAdeI1zdubAl5PjU6zsERjGZb7raWodagDYs=
github.com/mattn/go-isatty v0.0.4/go.mod h1:M+lRXTBqGeGNdLjl/ufCoiOlB5xdOkqRJdNxMWT7Zi4=
github.com/microcosm-cc/bluemonday v1.0.1 h1:SIYunPjnlXcW+gVfvm0IlSeR5U3WZUOLfVmqg85Go44=
github.com/microcosm-cc/bluemonday v1.0.1/go.mod h1:hsXNsILzKxV+sX77C5b8FSuKF00vh2OMYv+xgHpAMF4=
github.com/mitchellh/go-wordwrap v1.0.0 h1:6GlHJ/LTGMrIJbwgdqdl2eEH8o+Exx/0m8ir9Gns0u4=
github.com/mitchellh/go-wordwrap v1.0.0/go.mod h1:ZXFpozHsX6DPmq2I0TCekCxypsnAUbP2oI0UX1GXzOo=
github.com/nu7hatch/gouuid v0.0.0-20131221200532-179d4d0c4d8d h1:VhgPp6v9qf9Agr/56bj7Y/xa04UccTW04VP0Qed4vnQ=
github.com/nu7hatch/gouuid v0.0.0-20131221200532-179d4d0c4d8d/go.mod h1:YUTz3bUH2ZwIWBy3CJBeOBEugqcmXREj14T+iG/4k4U=
github.com/rainycape/unidecode v0.0.0-20150907023854-cb7f23ec59be h1:ta7tUOvsPHVHGom5hKW5VXNc2xZIkfCKP8iaqOyYtUQ=
github.com/rainycape/unidecode v0.0.0-20150907023854-cb7f23ec59be/go.mod h1:MIDFMn7db1kT65GmV94GzpX9Qdi7N/pQlwb+AN8wh+Q=
github.com/shurcooL/sanitized_anchor_name v0.0.0-20170918181015-86672fcb3f95 h1:/vdW8Cb7EXrkqWGufVMES1OH2sU9gKVb2n9/1y5NMBY=
github.com/shurcooL/sanitized_anchor_name v0.0.0-20170918181015-86672fcb3f95/go.mod h1:1NzhyTcUVG4SuEtjjoZeVRXNmyL/1OwPU0+IJeTBvfc=
github.com/writeas/activity v0.1.2-0.20181116004047-126007f8df70 h1:LwnqxWkTHUNihny3SxbxHEQjJouEzv4xmci5vdpeXDg=
github.com/writeas/activity v0.1.2-0.20181116004047-126007f8df70/go.mod h1:mYYgiewmEM+8tlifirK/vl6tmB2EbjYaxwb+ndUw5T0=
github.com/writeas/go-nodeinfo v0.0.0-20180809171410-91102b12f3e1 h1:CVxQnD73IoGybnW6FQOCGTr+9tZCUfwXE7Tin1XKbb0=
github.com/writeas/go-nodeinfo v0.0.0-20180809171410-91102b12f3e1/go.mod h1:QMC8o/R3cVujL0ejaRgoCkw8Gprx4SOMtetEUb+kt78=
github.com/writeas/go-strip-markdown v0.0.0-20180226051418-6e12ec30f699 h1:F4l49enU6YUW0CuYyYCMiCDziy69/+TA0RMGpZ3cfzk=
github.com/writeas/go-strip-markdown v0.0.0-20180226051418-6e12ec30f699/go.mod h1:Rsyu10ZhbEK9pXdk8V6MVnZmTzRG0alMNLMwa0J01fE=
github.com/writeas/go-webfinger v0.0.0-20180816143508-824606d41058 h1:xxHqU3FvQX4XFhf0tmn1hBrg0H5WgvmhzyfxLCiiHas=
github.com/writeas/go-webfinger v0.0.0-20180816143508-824606d41058/go.mod h1:w2VxyRO/J5vfNjJHYVubsjUGHd3RLDoVciz0DE3ApOc=
github.com/writeas/httpsig v0.0.0-20180701155151-b11faad21af2 h1:AfG7vLQ7luEJxwyf+xSnCGiFqffXVXGaq+vHSqNK+XE=
github.com/writeas/httpsig v0.0.0-20180701155151-b11faad21af2/go.mod h1:7ClMGSrSVXJbmiLa17bZ1LrG1oibGZmUMlh3402flPY=
github.com/writeas/impart v0.0.0-20180808220913-fef51864677b h1:vsZIsYneuNwXMsnh0lKviEVc8WeIqBG4RTmGWU86HpI=
github.com/writeas/impart v0.0.0-20180808220913-fef51864677b/go.mod h1:sUkQZZHJfrVNsoD4QbkrYrRSQtCN3SaUPWKdohmFKT8=
github.com/writeas/monday v0.0.0-20181024183321-54a7dd579219 h1:baEp0631C8sT2r/hqwypIw2snCFZa6h7U6TojoLHu/c=
github.com/writeas/monday v0.0.0-20181024183321-54a7dd579219/go.mod h1:NyM35ayknT7lzO6O/1JpfgGyv+0W9Z9q7aE0J8bXxfQ=
github.com/writeas/nerds v0.0.0-20170323014327-3d35bb996a1f h1:A0pXJHDPgYhq/dcERPTC6BD3LGogm9loQh+Jti7EVWU=
github.com/writeas/nerds v0.0.0-20170323014327-3d35bb996a1f/go.mod h1:Gn2bHy1EwRcpXeB7ZhVmuUwiweK0e+JllNf66gvNLdU=
github.com/writeas/openssl-go v0.0.0-20180626225423-b9436c10029a h1:366BKJWR9UNjGGwjHeGCeHYT1uHd7qgnJnF/nldl5u8=
github.com/writeas/openssl-go v0.0.0-20180626225423-b9436c10029a/go.mod h1:WsKeK5jYl0B5y8ggOmtVjbmb+3rEGqSD25TppjJnETA=
github.com/writeas/saturday v0.0.0-20170402010311-f455b05c043f h1:yyFguE0EopK8e7I7/AB1JWM925OFOI1uFhTM/SwXAnQ=
github.com/writeas/saturday v0.0.0-20170402010311-f455b05c043f/go.mod h1:ETE1EK6ogxptJpAgUbcJD0prAtX48bSloie80+tvnzQ=
github.com/writeas/slug v1.2.0 h1:EMQ+cwLiOcA6EtFwUgyw3Ge18x9uflUnOnR6bp/J+/g=
github.com/writeas/slug v1.2.0/go.mod h1:RE8shOqQP3YhsfsQe0L3RnuejfQ4Mk+JjY5YJQFubfQ=
github.com/writeas/web-core v0.0.0-20181111165528-05f387ffa1b3 h1:mKD4DMZuiZWrn1k/f+1wLmBu9SYMrydy9om+eeo9kjA=
github.com/writeas/web-core v0.0.0-20181111165528-05f387ffa1b3/go.mod h1:Si3chV7VWgY8CsV+3gRolMXSO2Vx1ZFAQ/mkrpvmyEE=
golang.org/x/crypto v0.0.0-20180527072434-ab813273cd59 h1:hk3yo72LXLapY9EXVttc3Z1rLOxT9IuAPPX3GpY2+jo=
golang.org/x/crypto v0.0.0-20180527072434-ab813273cd59/go.mod h1:6SG95UA2DQfeDnfUPMdvaQW0Q7yPrPDi9nlGo2tz2b4=
golang.org/x/net v0.0.0-20181114220301-adae6a3d119a h1:gOpx8G595UYyvj8UK4+OFyY4rx037g3fmfhe5SasG3U=
golang.org/x/net v0.0.0-20181114220301-adae6a3d119a/go.mod h1:mL1N/T3taQHkDXs73rZJwtUhF3w3ftmwwsq0BUmARs4=
golang.org/x/sys v0.0.0-20180525142821-c11f84a56e43/go.mod h1:STP8DvDyc/dI5b8T5hshtkjS+E42TnysNCUPdjciGhY=
gopkg.in/ini.v1 v1.39.0 h1:Jf2sFGT+sAd7i+4ftUN1Jz90uw8XNH8NXbbOY16taA8=
gopkg.in/ini.v1 v1.39.0/go.mod h1:pNLf8WUiyNEtQjuu5G5vTm06TEv9tsIgeAvK8hOrP4k=
